
Microsoft Visual Studio Solution File, Format Version 12.00
# Visual Studio Version 17
VisualStudioVersion = 17.7.34024.191
MinimumVisualStudioVersion = 10.0.40219.1
Project("{2150E333-8FDC-42A3-9474-1A3956D46DE8}") = "App", "App", "{87FCB7C7-58DD-47E8-BBAE-BF62CA7F8A96}"
EndProject
Project("{9A19103F-16F7-4668-BE54-9A1E7A4F7556}") = "PricatMVC.App", "PricatMVC.App\PricatMVC.App.csproj", "{D38D1AA8-D1FB-4E18-A574-D04422267947}"
EndProject
Project("{2150E333-8FDC-42A3-9474-1A3956D46DE8}") = "Application", "Application", "{FB1CB175-4C9E-4C19-BAA0-AC1C767935E8}"
EndProject
Project("{2150E333-8FDC-42A3-9474-1A3956D46DE8}") = "Domain", "Domain", "{58937AFA-7CCD-4D9B-8A69-75D6C99A8971}"
EndProject
Project("{2150E333-8FDC-42A3-9474-1A3956D46DE8}") = "Infrastructure", "Infrastructure", "{CF13EA1B-3295-400A-BD0C-17C5E1B4DF10}"
EndProject
Project("{FAE04EC0-301F-11D3-BF4B-00C04F79EFBC}") = "PricatMVC.Application", "PricatMVC.Application\PricatMVC.Application.csproj", "{0F1C4EBF-BCC7-480B-A3FE-CECBE6519715}"
EndProject
Project("{FAE04EC0-301F-11D3-BF4B-00C04F79EFBC}") = "PricatMVC.Domain", "PricatMVC.Domain\PricatMVC.Domain.csproj", "{31BFC056-D61F-430B-8FC6-22ED608187BC}"
EndProject
Project("{FAE04EC0-301F-11D3-BF4B-00C04F79EFBC}") = "PricatMVC.Infrastructure", "PricatMVC.Infrastructure\PricatMVC.Infrastructure.csproj", "{35F6922F-8FD9-4B0D-BBBC-3DD3F5C8BF47}"
EndProject
Global
	GlobalSection(SolutionConfigurationPlatforms) = preSolution
		Debug|Any CPU = Debug|Any CPU
		Release|Any CPU = Release|Any CPU
	EndGlobalSection
	GlobalSection(ProjectConfigurationPlatforms) = postSolution
		{D38D1AA8-D1FB-4E18-A574-D04422267947}.Debug|Any CPU.ActiveCfg = Debug|Any CPU
		{D38D1AA8-D1FB-4E18-A574-D04422267947}.Debug|Any CPU.Build.0 = Debug|Any CPU
		{D38D1AA8-D1FB-4E18-A574-D04422267947}.Release|Any CPU.ActiveCfg = Release|Any CPU
		{D38D1AA8-D1FB-4E18-A574-D04422267947}.Release|Any CPU.Build.0 = Release|Any CPU
		{0F1C4EBF-BCC7-480B-A3FE-CECBE6519715}.Debug|Any CPU.ActiveCfg = Debug|Any CPU
		{0F1C4EBF-BCC7-480B-A3FE-CECBE6519715}.Debug|Any CPU.Build.0 = Debug|Any CPU
		{0F1C4EBF-BCC7-480B-A3FE-CECBE6519715}.Release|Any CPU.ActiveCfg = Release|Any CPU
		{0F1C4EBF-BCC7-480B-A3FE-CECBE6519715}.Release|Any CPU.Build.0 = Release|Any CPU
		{31BFC056-D61F-430B-8FC6-22ED608187BC}.Debug|Any CPU.ActiveCfg = Debug|Any CPU
		{31BFC056-D61F-430B-8FC6-22ED608187BC}.Debug|Any CPU.Build.0 = Debug|Any CPU
		{31BFC056-D61F-430B-8FC6-22ED608187BC}.Release|Any CPU.ActiveCfg = Release|Any CPU
		{31BFC056-D61F-430B-8FC6-22ED608187BC}.Release|Any CPU.Build.0 = Release|Any CPU
		{35F6922F-8FD9-4B0D-BBBC-3DD3F5C8BF47}.Debug|Any CPU.ActiveCfg = Debug|Any CPU
		{35F6922F-8FD9-4B0D-BBBC-3DD3F5C8BF47}.Debug|Any CPU.Build.0 = Debug|Any CPU
		{35F6922F-8FD9-4B0D-BBBC-3DD3F5C8BF47}.Release|Any CPU.ActiveCfg = Release|Any CPU
		{35F6922F-8FD9-4B0D-BBBC-3DD3F5C8BF47}.Release|Any CPU.Build.0 = Release|Any CPU
	EndGlobalSection
	GlobalSection(SolutionProperties) = preSolution
		HideSolutionNode = FALSE
	EndGlobalSection
	GlobalSection(NestedProjects) = preSolution
		{D38D1AA8-D1FB-4E18-A574-D04422267947} = {87FCB7C7-58DD-47E8-BBAE-BF62CA7F8A96}
		{0F1C4EBF-BCC7-480B-A3FE-CECBE6519715} = {FB1CB175-4C9E-4C19-BAA0-AC1C767935E8}
		{31BFC056-D61F-430B-8FC6-22ED608187BC} = {58937AFA-7CCD-4D9B-8A69-75D6C99A8971}
		{35F6922F-8FD9-4B0D-BBBC-3DD3F5C8BF47} = {CF13EA1B-3295-400A-BD0C-17C5E1B4DF10}
	EndGlobalSection
	GlobalSection(ExtensibilityGlobals) = postSolution
		SolutionGuid = {D2FADF6E-7E83-4584-8870-C7B3F57E4F0F}
	EndGlobalSection
EndGlobal
