
Microsoft Visual Studio Solution File, Format Version 12.00
# Visual Studio Version 17
VisualStudioVersion = 17.7.34024.191
MinimumVisualStudioVersion = 10.0.40219.1
Project("{2150E333-8FDC-42A3-9474-1A3956D46DE8}") = "App", "App", "{87FCB7C7-58DD-47E8-BBAE-BF62CA7F8A96}"
EndProject
Project("{FAE04EC0-301F-11D3-BF4B-00C04F79EFBC}") = "PricatMVC.App", "PricatMVC.App\PricatMVC.App.csproj", "{D38D1AA8-D1FB-4E18-A574-D04422267947}"
EndProject
Global
	GlobalSection(SolutionConfigurationPlatforms) = preSolution
		Debug|Any CPU = Debug|Any CPU
		Release|Any CPU = Release|Any CPU
	EndGlobalSection
	GlobalSection(ProjectConfigurationPlatforms) = postSolution
		{D38D1AA8-D1FB-4E18-A574-D04422267947}.Debug|Any CPU.ActiveCfg = Debug|Any CPU
		{D38D1AA8-D1FB-4E18-A574-D04422267947}.Debug|Any CPU.Build.0 = Debug|Any CPU
		{D38D1AA8-D1FB-4E18-A574-D04422267947}.Release|Any CPU.ActiveCfg = Release|Any CPU
		{D38D1AA8-D1FB-4E18-A574-D04422267947}.Release|Any CPU.Build.0 = Release|Any CPU
	EndGlobalSection
	GlobalSection(SolutionProperties) = preSolution
		HideSolutionNode = FALSE
	EndGlobalSection
	GlobalSection(NestedProjects) = preSolution
		{D38D1AA8-D1FB-4E18-A574-D04422267947} = {87FCB7C7-58DD-47E8-BBAE-BF62CA7F8A96}
	EndGlobalSection
	GlobalSection(ExtensibilityGlobals) = postSolution
		SolutionGuid = {D2FADF6E-7E83-4584-8870-C7B3F57E4F0F}
	EndGlobalSection
EndGlobal
